// !$*UTF8*$!
{
	archiveVersion = 1;
	classes = {
	};
	objectVersion = 46;
	objects = {

/* Begin PBXBuildFile section */
		972346891F56F4E100BA714B /* default.json in Resources */ = {isa = PBXBuildFile; fileRef = 972346881F56F4E100BA714B /* default.json */; };
		97481DFA1F57069100CE3B3E /* Info.plist in Resources */ = {isa = PBXBuildFile; fileRef = 97481DF91F57069100CE3B3E /* Info.plist */; };
		97558DB01F570838005B8A76 /* light.json in Resources */ = {isa = PBXBuildFile; fileRef = 97558DAF1F570838005B8A76 /* light.json */; };
		97B05E041F56D61E00994EA6 /* AppDelegate.swift in Sources */ = {isa = PBXBuildFile; fileRef = 97B05E031F56D61E00994EA6 /* AppDelegate.swift */; };
		97B05E061F56D61E00994EA6 /* ViewController.swift in Sources */ = {isa = PBXBuildFile; fileRef = 97B05E051F56D61E00994EA6 /* ViewController.swift */; };
		97B05E091F56D61E00994EA6 /* Main.storyboard in Resources */ = {isa = PBXBuildFile; fileRef = 97B05E071F56D61E00994EA6 /* Main.storyboard */; };
		97B05E0B1F56D61E00994EA6 /* Assets.xcassets in Resources */ = {isa = PBXBuildFile; fileRef = 97B05E0A1F56D61E00994EA6 /* Assets.xcassets */; };
		97B05E0E1F56D61E00994EA6 /* LaunchScreen.storyboard in Resources */ = {isa = PBXBuildFile; fileRef = 97B05E0C1F56D61E00994EA6 /* LaunchScreen.storyboard */; };
		D0916CDFD7C15BEBB7E59A5E /* Pods_TestSwiftForSakuraKit.framework in Frameworks */ = {isa = PBXBuildFile; fileRef = 86F700CE66CC1298F834E0BF /* Pods_TestSwiftForSakuraKit.framework */; };
/* End PBXBuildFile section */

/* Begin PBXFileReference section */
		8698369E5B119CEA78CAE7C2 /* Pods-TestSwiftForSakuraKit.debug.xcconfig */ = {isa = PBXFileReference; includeInIndex = 1; lastKnownFileType = text.xcconfig; name = "Pods-TestSwiftForSakuraKit.debug.xcconfig"; path = "Pods/Target Support Files/Pods-TestSwiftForSakuraKit/Pods-TestSwiftForSakuraKit.debug.xcconfig"; sourceTree = "<group>"; };
		86F700CE66CC1298F834E0BF /* Pods_TestSwiftForSakuraKit.framework */ = {isa = PBXFileReference; explicitFileType = wrapper.framework; includeInIndex = 0; path = Pods_TestSwiftForSakuraKit.framework; sourceTree = BUILT_PRODUCTS_DIR; };
		972346881F56F4E100BA714B /* default.json */ = {isa = PBXFileReference; fileEncoding = 4; lastKnownFileType = text.json; path = default.json; sourceTree = "<group>"; };
		97481DF91F57069100CE3B3E /* Info.plist */ = {isa = PBXFileReference; fileEncoding = 4; lastKnownFileType = text.plist.xml; path = Info.plist; sourceTree = "<group>"; };
		97558DAF1F570838005B8A76 /* light.json */ = {isa = PBXFileReference; fileEncoding = 4; lastKnownFileType = text.json; path = light.json; sourceTree = "<group>"; };
		97B05E001F56D61E00994EA6 /* SakuraKitOCForSwiftDemo.app */ = {isa = PBXFileReference; explicitFileType = wrapper.application; includeInIndex = 0; path = SakuraKitOCForSwiftDemo.app; sourceTree = BUILT_PRODUCTS_DIR; };
		97B05E031F56D61E00994EA6 /* AppDelegate.swift */ = {isa = PBXFileReference; lastKnownFileType = sourcecode.swift; path = AppDelegate.swift; sourceTree = "<group>"; };
		97B05E051F56D61E00994EA6 /* ViewController.swift */ = {isa = PBXFileReference; lastKnownFileType = sourcecode.swift; path = ViewController.swift; sourceTree = "<group>"; };
		97B05E081F56D61E00994EA6 /* Base */ = {isa = PBXFileReference; lastKnownFileType = file.storyboard; name = Base; path = Base.lproj/Main.storyboard; sourceTree = "<group>"; };
		97B05E0A1F56D61E00994EA6 /* Assets.xcassets */ = {isa = PBXFileReference; lastKnownFileType = folder.assetcatalog; path = Assets.xcassets; sourceTree = "<group>"; };
		97B05E0D1F56D61E00994EA6 /* Base */ = {isa = PBXFileReference; lastKnownFileType = file.storyboard; name = Base; path = Base.lproj/LaunchScreen.storyboard; sourceTree = "<group>"; };
		F9E170895658614C6FD83157 /* Pods-TestSwiftForSakuraKit.release.xcconfig */ = {isa = PBXFileReference; includeInIndex = 1; lastKnownFileType = text.xcconfig; name = "Pods-TestSwiftForSakuraKit.release.xcconfig"; path = "Pods/Target Support Files/Pods-TestSwiftForSakuraKit/Pods-TestSwiftForSakuraKit.release.xcconfig"; sourceTree = "<group>"; };
/* End PBXFileReference section */

/* Begin PBXFrameworksBuildPhase section */
		97B05DFD1F56D61E00994EA6 /* Frameworks */ = {
			isa = PBXFrameworksBuildPhase;
			buildActionMask = 2147483647;
			files = (
				D0916CDFD7C15BEBB7E59A5E /* Pods_TestSwiftForSakuraKit.framework in Frameworks */,
			);
			runOnlyForDeploymentPostprocessing = 0;
		};
/* End PBXFrameworksBuildPhase section */

/* Begin PBXGroup section */
		846A1C0830C2025B01A46913 /* Frameworks */ = {
			isa = PBXGroup;
			children = (
				86F700CE66CC1298F834E0BF /* Pods_TestSwiftForSakuraKit.framework */,
			);
			name = Frameworks;
			sourceTree = "<group>";
		};
		97B05DF71F56D61D00994EA6 = {
			isa = PBXGroup;
			children = (
				97B05E021F56D61E00994EA6 /* SakuraKitOCForSwiftDemo */,
				97B05E011F56D61E00994EA6 /* Products */,
				CB70B216B1B88BB4B0DAA005 /* Pods */,
				846A1C0830C2025B01A46913 /* Frameworks */,
			);
			sourceTree = "<group>";
		};
		97B05E011F56D61E00994EA6 /* Products */ = {
			isa = PBXGroup;
			children = (
				97B05E001F56D61E00994EA6 /* SakuraKitOCForSwiftDemo.app */,
			);
			name = Products;
			sourceTree = "<group>";
		};
		97B05E021F56D61E00994EA6 /* SakuraKitOCForSwiftDemo */ = {
			isa = PBXGroup;
			children = (
				97558DAF1F570838005B8A76 /* light.json */,
				972346881F56F4E100BA714B /* default.json */,
				97B05E031F56D61E00994EA6 /* AppDelegate.swift */,
				97B05E051F56D61E00994EA6 /* ViewController.swift */,
				97B05E071F56D61E00994EA6 /* Main.storyboard */,
				97B05E0A1F56D61E00994EA6 /* Assets.xcassets */,
				97B05E0C1F56D61E00994EA6 /* LaunchScreen.storyboard */,
				97481DF91F57069100CE3B3E /* Info.plist */,
			);
			path = SakuraKitOCForSwiftDemo;
			sourceTree = "<group>";
		};
		CB70B216B1B88BB4B0DAA005 /* Pods */ = {
			isa = PBXGroup;
			children = (
				8698369E5B119CEA78CAE7C2 /* Pods-TestSwiftForSakuraKit.debug.xcconfig */,
				F9E170895658614C6FD83157 /* Pods-TestSwiftForSakuraKit.release.xcconfig */,
			);
			name = Pods;
			sourceTree = "<group>";
		};
/* End PBXGroup section */

/* Begin PBXNativeTarget section */
		97B05DFF1F56D61E00994EA6 /* SakuraKitOCForSwiftDemo */ = {
			isa = PBXNativeTarget;
			buildConfigurationList = 97B05E121F56D61E00994EA6 /* Build configuration list for PBXNativeTarget "SakuraKitOCForSwiftDemo" */;
			buildPhases = (
				D7094BD29F984F12958A8E13 /* [CP] Check Pods Manifest.lock */,
				97B05DFC1F56D61E00994EA6 /* Sources */,
				97B05DFD1F56D61E00994EA6 /* Frameworks */,
				97B05DFE1F56D61E00994EA6 /* Resources */,
				5425071767610EB2B48397D5 /* [CP] Embed Pods Frameworks */,
				0C25B947E7BB192E56F1CA11 /* [CP] Copy Pods Resources */,
			);
			buildRules = (
			);
			dependencies = (
			);
			name = SakuraKitOCForSwiftDemo;
			productName = TestSwiftForSakuraKit;
			productReference = 97B05E001F56D61E00994EA6 /* SakuraKitOCForSwiftDemo.app */;
			productType = "com.apple.product-type.application";
		};
/* End PBXNativeTarget section */

/* Begin PBXProject section */
		97B05DF81F56D61D00994EA6 /* Project object */ = {
			isa = PBXProject;
			attributes = {
				LastSwiftUpdateCheck = 0830;
				LastUpgradeCheck = 0830;
				ORGANIZATIONNAME = tingxins;
				TargetAttributes = {
					97B05DFF1F56D61E00994EA6 = {
						CreatedOnToolsVersion = 8.3.2;
						DevelopmentTeam = QZ2B7EZFJP;
						LastSwiftMigration = 0830;
						ProvisioningStyle = Automatic;
					};
				};
			};
			buildConfigurationList = 97B05DFB1F56D61D00994EA6 /* Build configuration list for PBXProject "SakuraKitOCForSwiftDemo" */;
			compatibilityVersion = "Xcode 3.2";
			developmentRegion = English;
			hasScannedForEncodings = 0;
			knownRegions = (
				en,
				Base,
			);
			mainGroup = 97B05DF71F56D61D00994EA6;
			productRefGroup = 97B05E011F56D61E00994EA6 /* Products */;
			projectDirPath = "";
			projectRoot = "";
			targets = (
				97B05DFF1F56D61E00994EA6 /* SakuraKitOCForSwiftDemo */,
			);
		};
/* End PBXProject section */

/* Begin PBXResourcesBuildPhase section */
		97B05DFE1F56D61E00994EA6 /* Resources */ = {
			isa = PBXResourcesBuildPhase;
			buildActionMask = 2147483647;
			files = (
				97B05E0E1F56D61E00994EA6 /* LaunchScreen.storyboard in Resources */,
				972346891F56F4E100BA714B /* default.json in Resources */,
				97558DB01F570838005B8A76 /* light.json in Resources */,
				97B05E0B1F56D61E00994EA6 /* Assets.xcassets in Resources */,
				97481DFA1F57069100CE3B3E /* Info.plist in Resources */,
				97B05E091F56D61E00994EA6 /* Main.storyboard in Resources */,
			);
			runOnlyForDeploymentPostprocessing = 0;
		};
/* End PBXResourcesBuildPhase section */

/* Begin PBXShellScriptBuildPhase section */
		0C25B947E7BB192E56F1CA11 /* [CP] Copy Pods Resources */ = {
			isa = PBXShellScriptBuildPhase;
			buildActionMask = 2147483647;
			files = (
			);
			inputPaths = (
			);
			name = "[CP] Copy Pods Resources";
			outputPaths = (
			);
			runOnlyForDeploymentPostprocessing = 0;
			shellPath = /bin/sh;
			shellScript = "\"${SRCROOT}/Pods/Target Support Files/Pods-TestSwiftForSakuraKit/Pods-TestSwiftForSakuraKit-resources.sh\"\n";
			showEnvVarsInLog = 0;
		};
		5425071767610EB2B48397D5 /* [CP] Embed Pods Frameworks */ = {
			isa = PBXShellScriptBuildPhase;
			buildActionMask = 2147483647;
			files = (
			);
			inputPaths = (
			);
			name = "[CP] Embed Pods Frameworks";
			outputPaths = (
			);
			runOnlyForDeploymentPostprocessing = 0;
			shellPath = /bin/sh;
			shellScript = "\"${SRCROOT}/Pods/Target Support Files/Pods-TestSwiftForSakuraKit/Pods-TestSwiftForSakuraKit-frameworks.sh\"\n";
			showEnvVarsInLog = 0;
		};
		D7094BD29F984F12958A8E13 /* [CP] Check Pods Manifest.lock */ = {
			isa = PBXShellScriptBuildPhase;
			buildActionMask = 2147483647;
			files = (
			);
			inputPaths = (
			);
			name = "[CP] Check Pods Manifest.lock";
			outputPaths = (
			);
			runOnlyForDeploymentPostprocessing = 0;
			shellPath = /bin/sh;
			shellScript = "diff \"${PODS_ROOT}/../Podfile.lock\" \"${PODS_ROOT}/Manifest.lock\" > /dev/null\nif [ $? != 0 ] ; then\n    # print error to STDERR\n    echo \"error: The sandbox is not in sync with the Podfile.lock. Run 'pod install' or update your CocoaPods installation.\" >&2\n    exit 1\nfi\n";
			showEnvVarsInLog = 0;
		};
/* End PBXShellScriptBuildPhase section */

/* Begin PBXSourcesBuildPhase section */
		97B05DFC1F56D61E00994EA6 /* Sources */ = {
			isa = PBXSourcesBuildPhase;
			buildActionMask = 2147483647;
			files = (
				97B05E061F56D61E00994EA6 /* ViewController.swift in Sources */,
				97B05E041F56D61E00994EA6 /* AppDelegate.swift in Sources */,
			);
			runOnlyForDeploymentPostprocessing = 0;
		};
/* End PBXSourcesBuildPhase section */

/* Begin PBXVariantGroup section */
		97B05E071F56D61E00994EA6 /* Main.storyboard */ = {
			isa = PBXVariantGroup;
			children = (
				97B05E081F56D61E00994EA6 /* Base */,
			);
			name = Main.storyboard;
			sourceTree = "<group>";
		};
		97B05E0C1F56D61E00994EA6 /* LaunchScreen.storyboard */ = {
			isa = PBXVariantGroup;
			children = (
				97B05E0D1F56D61E00994EA6 /* Base */,
			);
			name = LaunchScreen.storyboard;
			sourceTree = "<group>";
		};
/* End PBXVariantGroup section */

/* Begin XCBuildConfiguration section */
		97B05E101F56D61E00994EA6 /* Debug */ = {
			isa = XCBuildConfiguration;
			buildSettings = {
				ALWAYS_SEARCH_USER_PATHS = NO;
				CLANG_ANALYZER_NONNULL = YES;
				CLANG_ANALYZER_NUMBER_OBJECT_CONVERSION = YES_AGGRESSIVE;
				CLANG_CXX_LANGUAGE_STANDARD = "gnu++0x";
				CLANG_CXX_LIBRARY = "libc++";
				CLANG_ENABLE_MODULES = YES;
				CLANG_ENABLE_OBJC_ARC = YES;
				CLANG_WARN_BOOL_CONVERSION = YES;
				CLANG_WARN_CONSTANT_CONVERSION = YES;
				CLANG_WARN_DIRECT_OBJC_ISA_USAGE = YES_ERROR;
				CLANG_WARN_DOCUMENTATION_COMMENTS = YES;
				CLANG_WARN_EMPTY_BODY = YES;
				CLANG_WARN_ENUM_CONVERSION = YES;
				CLANG_WARN_INFINITE_RECURSION = YES;
				CLANG_WARN_INT_CONVERSION = YES;
				CLANG_WARN_OBJC_ROOT_CLASS = YES_ERROR;
				CLANG_WARN_SUSPICIOUS_MOVE = YES;
				CLANG_WARN_UNREACHABLE_CODE = YES;
				CLANG_WARN__DUPLICATE_METHOD_MATCH = YES;
				"CODE_SIGN_IDENTITY[sdk=iphoneos*]" = "iPhone Developer";
				COPY_PHASE_STRIP = NO;
				DEBUG_INFORMATION_FORMAT = dwarf;
				ENABLE_STRICT_OBJC_MSGSEND = YES;
				ENABLE_TESTABILITY = YES;
				GCC_C_LANGUAGE_STANDARD = gnu99;
				GCC_DYNAMIC_NO_PIC = NO;
				GCC_NO_COMMON_BLOCKS = YES;
				GCC_OPTIMIZATION_LEVEL = 0;
				GCC_PREPROCESSOR_DEFINITIONS = (
					"DEBUG=1",
					"$(inherited)",
				);
				GCC_WARN_64_TO_32_BIT_CONVERSION = YES;
				GCC_WARN_ABOUT_RETURN_TYPE = YES_ERROR;
				GCC_WARN_UNDECLARED_SELECTOR = YES;
				GCC_WARN_UNINITIALIZED_AUTOS = YES_AGGRESSIVE;
				GCC_WARN_UNUSED_FUNCTION = YES;
				GCC_WARN_UNUSED_VARIABLE = YES;
				IPHONEOS_DEPLOYMENT_TARGET = 10.3;
				MTL_ENABLE_DEBUG_INFO = YES;
				ONLY_ACTIVE_ARCH = YES;
				SDKROOT = iphoneos;
				SWIFT_ACTIVE_COMPILATION_CONDITIONS = DEBUG;
				SWIFT_OPTIMIZATION_LEVEL = "-Onone";
			};
			name = Debug;
		};
		97B05E111F56D61E00994EA6 /* Release */ = {
			isa = XCBuildConfiguration;
			buildSettings = {
				ALWAYS_SEARCH_USER_PATHS = NO;
				CLANG_ANALYZER_NONNULL = YES;
				CLANG_ANALYZER_NUMBER_OBJECT_CONVERSION = YES_AGGRESSIVE;
				CLANG_CXX_LANGUAGE_STANDARD = "gnu++0x";
				CLANG_CXX_LIBRARY = "libc++";
				CLANG_ENABLE_MODULES = YES;
				CLANG_ENABLE_OBJC_ARC = YES;
				CLANG_WARN_BOOL_CONVERSION = YES;
				CLANG_WARN_CONSTANT_CONVERSION = YES;
				CLANG_WARN_DIRECT_OBJC_ISA_USAGE = YES_ERROR;
				CLANG_WARN_DOCUMENTATION_COMMENTS = YES;
				CLANG_WARN_EMPTY_BODY = YES;
				CLANG_WARN_ENUM_CONVERSION = YES;
				CLANG_WARN_INFINITE_RECURSION = YES;
				CLANG_WARN_INT_CONVERSION = YES;
				CLANG_WARN_OBJC_ROOT_CLASS = YES_ERROR;
				CLANG_WARN_SUSPICIOUS_MOVE = YES;
				CLANG_WARN_UNREACHABLE_CODE = YES;
				CLANG_WARN__DUPLICATE_METHOD_MATCH = YES;
				"CODE_SIGN_IDENTITY[sdk=iphoneos*]" = "iPhone Developer";
				COPY_PHASE_STRIP = NO;
				DEBUG_INFORMATION_FORMAT = "dwarf-with-dsym";
				ENABLE_NS_ASSERTIONS = NO;
				ENABLE_STRICT_OBJC_MSGSEND = YES;
				GCC_C_LANGUAGE_STANDARD = gnu99;
				GCC_NO_COMMON_BLOCKS = YES;
				GCC_WARN_64_TO_32_BIT_CONVERSION = YES;
				GCC_WARN_ABOUT_RETURN_TYPE = YES_ERROR;
				GCC_WARN_UNDECLARED_SELECTOR = YES;
				GCC_WARN_UNINITIALIZED_AUTOS = YES_AGGRESSIVE;
				GCC_WARN_UNUSED_FUNCTION = YES;
				GCC_WARN_UNUSED_VARIABLE = YES;
				IPHONEOS_DEPLOYMENT_TARGET = 10.3;
				MTL_ENABLE_DEBUG_INFO = NO;
				SDKROOT = iphoneos;
				SWIFT_OPTIMIZATION_LEVEL = "-Owholemodule";
				VALIDATE_PRODUCT = YES;
			};
			name = Release;
		};
		97B05E131F56D61E00994EA6 /* Debug */ = {
			isa = XCBuildConfiguration;
			baseConfigurationReference = 8698369E5B119CEA78CAE7C2 /* Pods-TestSwiftForSakuraKit.debug.xcconfig */;
			buildSettings = {
				ASSETCATALOG_COMPILER_APPICON_NAME = AppIcon;
				CLANG_ENABLE_MODULES = YES;
				DEVELOPMENT_TEAM = QZ2B7EZFJP;
				INFOPLIST_FILE = "$(SRCROOT)/SakuraKitOCForSwiftDemo/Info.plist";
				IPHONEOS_DEPLOYMENT_TARGET = 9.0;
				LD_RUNPATH_SEARCH_PATHS = "$(inherited) @executable_path/Frameworks";
				PRODUCT_BUNDLE_IDENTIFIER = com.tingxins.demo.SakuraKitOCForSwiftDemo;
				PRODUCT_NAME = "$(TARGET_NAME)";
				SWIFT_OPTIMIZATION_LEVEL = "-Onone";
				SWIFT_VERSION = 3.0;
			};
			name = Debug;
		};
		97B05E141F56D61E00994EA6 /* Release */ = {
			isa = XCBuildConfiguration;
			baseConfigurationReference = F9E170895658614C6FD83157 /* Pods-TestSwiftForSakuraKit.release.xcconfig */;
			buildSettings = {
				ASSETCATALOG_COMPILER_APPICON_NAME = AppIcon;
				CLANG_ENABLE_MODULES = YES;
				DEVELOPMENT_TEAM = QZ2B7EZFJP;
				INFOPLIST_FILE = "$(SRCROOT)/SakuraKitOCForSwiftDemo/Info.plist";
				IPHONEOS_DEPLOYMENT_TARGET = 9.0;
				LD_RUNPATH_SEARCH_PATHS = "$(inherited) @executable_path/Frameworks";
				PRODUCT_BUNDLE_IDENTIFIER = com.tingxins.demo.SakuraKitOCForSwiftDemo;
				PRODUCT_NAME = "$(TARGET_NAME)";
				SWIFT_VERSION = 3.0;
			};
			name = Release;
		};
/* End XCBuildConfiguration section */

/* Begin XCConfigurationList section */
		97B05DFB1F56D61D00994EA6 /* Build configuration list for PBXProject "SakuraKitOCForSwiftDemo" */ = {
			isa = XCConfigurationList;
			buildConfigurations = (
				97B05E101F56D61E00994EA6 /* Debug */,
				97B05E111F56D61E00994EA6 /* Release */,
			);
			defaultConfigurationIsVisible = 0;
			defaultConfigurationName = Release;
		};
		97B05E121F56D61E00994EA6 /* Build configuration list for PBXNativeTarget "SakuraKitOCForSwiftDemo" */ = {
			isa = XCConfigurationList;
			buildConfigurations = (
				97B05E131F56D61E00994EA6 /* Debug */,
				97B05E141F56D61E00994EA6 /* Release */,
			);
			defaultConfigurationIsVisible = 0;
			defaultConfigurationName = Release;
		};
/* End XCConfigurationList section */
	};
	rootObject = 97B05DF81F56D61D00994EA6 /* Project object */;
}
